// !$*UTF8*$!
{
	archiveVersion = 1;
	classes = {
	};
	objectVersion = 50;
	objects = {

/* Begin PBXBuildFile section */
		469C627A0D02DD7767E4FDA1 /* Pods_gadabout.framework in Frameworks */ = {isa = PBXBuildFile; fileRef = 79F48E22C09028D3F9283040 /* Pods_gadabout.framework */; };
		E313DF5F2118D4A500BAE4C6 /* check.png in Resources */ = {isa = PBXBuildFile; fileRef = E313DF5E2118D4A500BAE4C6 /* check.png */; };
		E313DF612118D4AD00BAE4C6 /* uncheck.png in Resources */ = {isa = PBXBuildFile; fileRef = E313DF602118D4AD00BAE4C6 /* uncheck.png */; };
		E31A21BD21CF578300475EFD /* flagChallengeViewController.swift in Sources */ = {isa = PBXBuildFile; fileRef = E31A21BC21CF578300475EFD /* flagChallengeViewController.swift */; };
		E3261AE720F098920056CE99 /* AppDelegate.swift in Sources */ = {isa = PBXBuildFile; fileRef = E3261AE620F098920056CE99 /* AppDelegate.swift */; };
		E3261AE920F098920056CE99 /* ViewController.swift in Sources */ = {isa = PBXBuildFile; fileRef = E3261AE820F098920056CE99 /* ViewController.swift */; };
		E3261AEC20F098920056CE99 /* Main.storyboard in Resources */ = {isa = PBXBuildFile; fileRef = E3261AEA20F098920056CE99 /* Main.storyboard */; };
		E3261AEF20F098920056CE99 /* gadabout.xcdatamodeld in Sources */ = {isa = PBXBuildFile; fileRef = E3261AED20F098920056CE99 /* gadabout.xcdatamodeld */; };
		E3261AF120F098940056CE99 /* Assets.xcassets in Resources */ = {isa = PBXBuildFile; fileRef = E3261AF020F098940056CE99 /* Assets.xcassets */; };
		E3261AF420F098940056CE99 /* LaunchScreen.storyboard in Resources */ = {isa = PBXBuildFile; fileRef = E3261AF220F098940056CE99 /* LaunchScreen.storyboard */; };
		E3261AFF20F098940056CE99 /* gadaboutTests.swift in Sources */ = {isa = PBXBuildFile; fileRef = E3261AFE20F098940056CE99 /* gadaboutTests.swift */; };
		E3261B0A20F098940056CE99 /* gadaboutUITests.swift in Sources */ = {isa = PBXBuildFile; fileRef = E3261B0920F098940056CE99 /* gadaboutUITests.swift */; };
		E32D30832177A5860016D7EC /* UIButtonExtension.swift in Sources */ = {isa = PBXBuildFile; fileRef = E32D30822177A5860016D7EC /* UIButtonExtension.swift */; };
		E32D30852177B6840016D7EC /* foodsTableViewController.swift in Sources */ = {isa = PBXBuildFile; fileRef = E32D30842177B6840016D7EC /* foodsTableViewController.swift */; };
		E32D30872177B6B70016D7EC /* foodsTableViewCell.swift in Sources */ = {isa = PBXBuildFile; fileRef = E32D30862177B6B70016D7EC /* foodsTableViewCell.swift */; };
		E338B57D21DBAB50007D2ACE /* gadabout_launch.png in Resources */ = {isa = PBXBuildFile; fileRef = E338B57C21DBAB50007D2ACE /* gadabout_launch.png */; };
		E342D9AC2104853C009D5C67 /* PlacesTableViewController.swift in Sources */ = {isa = PBXBuildFile; fileRef = E342D9AB2104853C009D5C67 /* PlacesTableViewController.swift */; };
		E342D9AE21049038009D5C67 /* PostViewController.swift in Sources */ = {isa = PBXBuildFile; fileRef = E342D9AD21049038009D5C67 /* PostViewController.swift */; };
		E34AB2282186CACF0080A5C4 /* scorePopUpViewController.swift in Sources */ = {isa = PBXBuildFile; fileRef = E34AB2272186CACF0080A5C4 /* scorePopUpViewController.swift */; };
		E3687E8B2115CE8000CC60E9 /* PlacesTableViewCell.swift in Sources */ = {isa = PBXBuildFile; fileRef = E3687E8A2115CE8000CC60E9 /* PlacesTableViewCell.swift */; };
		E36DA987212D71830031D337 /* wrong.gif in Resources */ = {isa = PBXBuildFile; fileRef = E36DA986212D71830031D337 /* wrong.gif */; };
		E39D488E212EB87100A32212 /* correct2.png in Resources */ = {isa = PBXBuildFile; fileRef = E39D488D212EB87100A32212 /* correct2.png */; };
		E3A2588F21ECDEF0001323B3 /* rightArrow.png in Resources */ = {isa = PBXBuildFile; fileRef = E3A2588E21ECDEF0001323B3 /* rightArrow.png */; };
		E3A38444215044A1003A0A8C /* puzzleMapViewController.swift in Sources */ = {isa = PBXBuildFile; fileRef = E3A38443215044A1003A0A8C /* puzzleMapViewController.swift */; };
		E3A3DDEA21A93A7B0070FB85 /* balloon.png in Resources */ = {isa = PBXBuildFile; fileRef = E3A3DDE921A93A7B0070FB85 /* balloon.png */; };
		E3A3DDEC21A93B050070FB85 /* list.png in Resources */ = {isa = PBXBuildFile; fileRef = E3A3DDEB21A93B050070FB85 /* list.png */; };
		E3A3DDEE21A93BFD0070FB85 /* egg.png in Resources */ = {isa = PBXBuildFile; fileRef = E3A3DDED21A93BFD0070FB85 /* egg.png */; };
		E3A3DDF221A940050070FB85 /* slot.png in Resources */ = {isa = PBXBuildFile; fileRef = E3A3DDF121A940050070FB85 /* slot.png */; };
		E3B4752D21F480BA00952566 /* back-button.png in Resources */ = {isa = PBXBuildFile; fileRef = E3B4752C21F480BA00952566 /* back-button.png */; };
		E3B97A2C21CC8E9700C4AC0F /* NetworkManager.swift in Sources */ = {isa = PBXBuildFile; fileRef = E3B97A2B21CC8E9700C4AC0F /* NetworkManager.swift */; };
		E3B97A2E21CC934D00C4AC0F /* OfflineViewController.swift in Sources */ = {isa = PBXBuildFile; fileRef = E3B97A2D21CC934D00C4AC0F /* OfflineViewController.swift */; };
		E3B97A3021CC94E100C4AC0F /* NetworkConnection.png in Resources */ = {isa = PBXBuildFile; fileRef = E3B97A2F21CC94DF00C4AC0F /* NetworkConnection.png */; };
		E3BA747C219A769800095B1B /* remove.png in Resources */ = {isa = PBXBuildFile; fileRef = E3BA747B219A769700095B1B /* remove.png */; };
		E3C20D3821D6B34600A162E0 /* checked.png in Resources */ = {isa = PBXBuildFile; fileRef = E3C20D3721D6B34600A162E0 /* checked.png */; };
		E3C7E93D21D32D8C00FA2FA3 /* Flag_icon.png in Resources */ = {isa = PBXBuildFile; fileRef = E3C7E93C21D32D8C00FA2FA3 /* Flag_icon.png */; };
		E3C88C0C21F46DE2007EB21A /* scoring.png in Resources */ = {isa = PBXBuildFile; fileRef = E3C88C0B21F46DE2007EB21A /* scoring.png */; };
		E3C88C0E21F46F02007EB21A /* breakfast.png in Resources */ = {isa = PBXBuildFile; fileRef = E3C88C0D21F46F01007EB21A /* breakfast.png */; };
		E3C88C1021F4707F007EB21A /* users.png in Resources */ = {isa = PBXBuildFile; fileRef = E3C88C0F21F4707F007EB21A /* users.png */; };
		E3C88C1221F47153007EB21A /* hot-air-balloon.png in Resources */ = {isa = PBXBuildFile; fileRef = E3C88C1121F47153007EB21A /* hot-air-balloon.png */; };
		E3C88C1421F474AF007EB21A /* slot-machine.png in Resources */ = {isa = PBXBuildFile; fileRef = E3C88C1321F474AF007EB21A /* slot-machine.png */; };
		E3C88C1A21F4795D007EB21A /* puzzle.png in Resources */ = {isa = PBXBuildFile; fileRef = E3C88C1921F4795C007EB21A /* puzzle.png */; };
		E3CBDEE121A05C8B002664B4 /* undo-arrow.png in Resources */ = {isa = PBXBuildFile; fileRef = E3CBDEE021A05C8A002664B4 /* undo-arrow.png */; };
		E3CF250B219D1C8100D5EA9F /* lock.png in Resources */ = {isa = PBXBuildFile; fileRef = E3CF250A219D1C8000D5EA9F /* lock.png */; };
		E3CF250D219D1D5E00D5EA9F /* email.png in Resources */ = {isa = PBXBuildFile; fileRef = E3CF250C219D1D5E00D5EA9F /* email.png */; };
		E3D2740921BF5C41006663DC /* UIColorExtension.swift in Sources */ = {isa = PBXBuildFile; fileRef = E3D2740821BF5C41006663DC /* UIColorExtension.swift */; };
		E3DD8F2221A65D9200ED982B /* ToDoImageDisplayViewController.swift in Sources */ = {isa = PBXBuildFile; fileRef = E3DD8F2121A65D9200ED982B /* ToDoImageDisplayViewController.swift */; };
		E3E1BEF12179133700C62595 /* luckyStrikeViewController.swift in Sources */ = {isa = PBXBuildFile; fileRef = E3E1BEF02179133700C62595 /* luckyStrikeViewController.swift */; };
		E3E5BD53213295610019BFBC /* keyboard-right-arrow-button.png in Resources */ = {isa = PBXBuildFile; fileRef = E3E5BD52213295600019BFBC /* keyboard-right-arrow-button.png */; };
		E3EB34A221751483000DB77A /* ToDoListViewController.swift in Sources */ = {isa = PBXBuildFile; fileRef = E3EB34A121751483000DB77A /* ToDoListViewController.swift */; };
		E3EF3A3A2188042100821C47 /* score-icon.png in Resources */ = {isa = PBXBuildFile; fileRef = E3EF3A392188042000821C47 /* score-icon.png */; };
		E3F72E51217E40FE00487C72 /* GoogleService-Info.plist in Resources */ = {isa = PBXBuildFile; fileRef = E3F72E50217E40FD00487C72 /* GoogleService-Info.plist */; };
		E3FFD48420F14EE1001C974D /* MainPageViewController.swift in Sources */ = {isa = PBXBuildFile; fileRef = E3FFD48320F14EE1001C974D /* MainPageViewController.swift */; };
/* End PBXBuildFile section */

/* Begin PBXContainerItemProxy section */
		E3261AFB20F098940056CE99 /* PBXContainerItemProxy */ = {
			isa = PBXContainerItemProxy;
			containerPortal = E3261ADB20F098920056CE99 /* Project object */;
			proxyType = 1;
			remoteGlobalIDString = E3261AE220F098920056CE99;
			remoteInfo = gadabout;
		};
		E3261B0620F098940056CE99 /* PBXContainerItemProxy */ = {
			isa = PBXContainerItemProxy;
			containerPortal = E3261ADB20F098920056CE99 /* Project object */;
			proxyType = 1;
			remoteGlobalIDString = E3261AE220F098920056CE99;
			remoteInfo = gadabout;
		};
/* End PBXContainerItemProxy section */

/* Begin PBXFileReference section */
		304B1BEC845C003FCF6E1992 /* Pods-gadabout.release.xcconfig */ = {isa = PBXFileReference; includeInIndex = 1; lastKnownFileType = text.xcconfig; name = "Pods-gadabout.release.xcconfig"; path = "Pods/Target Support Files/Pods-gadabout/Pods-gadabout.release.xcconfig"; sourceTree = "<group>"; };
		37596C782F7F1EEECE83BA6C /* Pods-gadabout.debug.xcconfig */ = {isa = PBXFileReference; includeInIndex = 1; lastKnownFileType = text.xcconfig; name = "Pods-gadabout.debug.xcconfig"; path = "Pods/Target Support Files/Pods-gadabout/Pods-gadabout.debug.xcconfig"; sourceTree = "<group>"; };
		79F48E22C09028D3F9283040 /* Pods_gadabout.framework */ = {isa = PBXFileReference; explicitFileType = wrapper.framework; includeInIndex = 0; path = Pods_gadabout.framework; sourceTree = BUILT_PRODUCTS_DIR; };
		E313DF5E2118D4A500BAE4C6 /* check.png */ = {isa = PBXFileReference; lastKnownFileType = image.png; path = check.png; sourceTree = "<group>"; };
		E313DF602118D4AD00BAE4C6 /* uncheck.png */ = {isa = PBXFileReference; lastKnownFileType = image.png; path = uncheck.png; sourceTree = "<group>"; };
		E31A21BC21CF578300475EFD /* flagChallengeViewController.swift */ = {isa = PBXFileReference; lastKnownFileType = sourcecode.swift; path = flagChallengeViewController.swift; sourceTree = "<group>"; };
		E3261AE320F098920056CE99 /* gadabout.app */ = {isa = PBXFileReference; explicitFileType = wrapper.application; includeInIndex = 0; path = gadabout.app; sourceTree = BUILT_PRODUCTS_DIR; };
		E3261AE620F098920056CE99 /* AppDelegate.swift */ = {isa = PBXFileReference; lastKnownFileType = sourcecode.swift; path = AppDelegate.swift; sourceTree = "<group>"; };
		E3261AE820F098920056CE99 /* ViewController.swift */ = {isa = PBXFileReference; lastKnownFileType = sourcecode.swift; path = ViewController.swift; sourceTree = "<group>"; };
		E3261AEB20F098920056CE99 /* Base */ = {isa = PBXFileReference; lastKnownFileType = file.storyboard; name = Base; path = Base.lproj/Main.storyboard; sourceTree = "<group>"; };
		E3261AEE20F098920056CE99 /* gadabout.xcdatamodel */ = {isa = PBXFileReference; lastKnownFileType = wrapper.xcdatamodel; path = gadabout.xcdatamodel; sourceTree = "<group>"; };
		E3261AF020F098940056CE99 /* Assets.xcassets */ = {isa = PBXFileReference; lastKnownFileType = folder.assetcatalog; path = Assets.xcassets; sourceTree = "<group>"; };
		E3261AF320F098940056CE99 /* Base */ = {isa = PBXFileReference; lastKnownFileType = file.storyboard; name = Base; path = Base.lproj/LaunchScreen.storyboard; sourceTree = "<group>"; };
		E3261AF520F098940056CE99 /* Info.plist */ = {isa = PBXFileReference; lastKnownFileType = text.plist.xml; path = Info.plist; sourceTree = "<group>"; };
		E3261AFA20F098940056CE99 /* gadaboutTests.xctest */ = {isa = PBXFileReference; explicitFileType = wrapper.cfbundle; includeInIndex = 0; path = gadaboutTests.xctest; sourceTree = BUILT_PRODUCTS_DIR; };
		E3261AFE20F098940056CE99 /* gadaboutTests.swift */ = {isa = PBXFileReference; lastKnownFileType = sourcecode.swift; path = gadaboutTests.swift; sourceTree = "<group>"; };
		E3261B0020F098940056CE99 /* Info.plist */ = {isa = PBXFileReference; lastKnownFileType = text.plist.xml; path = Info.plist; sourceTree = "<group>"; };
		E3261B0520F098940056CE99 /* gadaboutUITests.xctest */ = {isa = PBXFileReference; explicitFileType = wrapper.cfbundle; includeInIndex = 0; path = gadaboutUITests.xctest; sourceTree = BUILT_PRODUCTS_DIR; };
		E3261B0920F098940056CE99 /* gadaboutUITests.swift */ = {isa = PBXFileReference; lastKnownFileType = sourcecode.swift; path = gadaboutUITests.swift; sourceTree = "<group>"; };
		E3261B0B20F098940056CE99 /* Info.plist */ = {isa = PBXFileReference; lastKnownFileType = text.plist.xml; path = Info.plist; sourceTree = "<group>"; };
		E32D30822177A5860016D7EC /* UIButtonExtension.swift */ = {isa = PBXFileReference; lastKnownFileType = sourcecode.swift; path = UIButtonExtension.swift; sourceTree = "<group>"; };
		E32D30842177B6840016D7EC /* foodsTableViewController.swift */ = {isa = PBXFileReference; lastKnownFileType = sourcecode.swift; path = foodsTableViewController.swift; sourceTree = "<group>"; };
		E32D30862177B6B70016D7EC /* foodsTableViewCell.swift */ = {isa = PBXFileReference; lastKnownFileType = sourcecode.swift; path = foodsTableViewCell.swift; sourceTree = "<group>"; };
		E338B57C21DBAB50007D2ACE /* gadabout_launch.png */ = {isa = PBXFileReference; lastKnownFileType = image.png; path = gadabout_launch.png; sourceTree = "<group>"; };
		E342D9AB2104853C009D5C67 /* PlacesTableViewController.swift */ = {isa = PBXFileReference; lastKnownFileType = sourcecode.swift; path = PlacesTableViewController.swift; sourceTree = "<group>"; };
		E342D9AD21049038009D5C67 /* PostViewController.swift */ = {isa = PBXFileReference; lastKnownFileType = sourcecode.swift; path = PostViewController.swift; sourceTree = "<group>"; };
		E34AB2272186CACF0080A5C4 /* scorePopUpViewController.swift */ = {isa = PBXFileReference; lastKnownFileType = sourcecode.swift; path = scorePopUpViewController.swift; sourceTree = "<group>"; };
		E3687E8A2115CE8000CC60E9 /* PlacesTableViewCell.swift */ = {isa = PBXFileReference; lastKnownFileType = sourcecode.swift; path = PlacesTableViewCell.swift; sourceTree = "<group>"; };
		E36DA986212D71830031D337 /* wrong.gif */ = {isa = PBXFileReference; lastKnownFileType = image.gif; name = wrong.gif; path = gadabout/images/wrong.gif; sourceTree = SOURCE_ROOT; };
		E39D488D212EB87100A32212 /* correct2.png */ = {isa = PBXFileReference; lastKnownFileType = image.png; path = correct2.png; sourceTree = SOURCE_ROOT; };
		E3A2588E21ECDEF0001323B3 /* rightArrow.png */ = {isa = PBXFileReference; lastKnownFileType = image.png; name = rightArrow.png; path = ../../../Attributions/rightArrow.png; sourceTree = "<group>"; };
		E3A38443215044A1003A0A8C /* puzzleMapViewController.swift */ = {isa = PBXFileReference; lastKnownFileType = sourcecode.swift; path = puzzleMapViewController.swift; sourceTree = "<group>"; };
		E3A3DDE921A93A7B0070FB85 /* balloon.png */ = {isa = PBXFileReference; lastKnownFileType = image.png; path = balloon.png; sourceTree = "<group>"; };
		E3A3DDEB21A93B050070FB85 /* list.png */ = {isa = PBXFileReference; lastKnownFileType = image.png; path = list.png; sourceTree = "<group>"; };
		E3A3DDED21A93BFD0070FB85 /* egg.png */ = {isa = PBXFileReference; lastKnownFileType = image.png; path = egg.png; sourceTree = "<group>"; };
		E3A3DDF121A940050070FB85 /* slot.png */ = {isa = PBXFileReference; lastKnownFileType = image.png; path = slot.png; sourceTree = "<group>"; };
		E3B4752C21F480BA00952566 /* back-button.png */ = {isa = PBXFileReference; lastKnownFileType = image.png; name = "back-button.png"; path = "../../../Attributions/back-button.png"; sourceTree = "<group>"; };
		E3B97A2B21CC8E9700C4AC0F /* NetworkManager.swift */ = {isa = PBXFileReference; lastKnownFileType = sourcecode.swift; path = NetworkManager.swift; sourceTree = "<group>"; };
		E3B97A2D21CC934D00C4AC0F /* OfflineViewController.swift */ = {isa = PBXFileReference; lastKnownFileType = sourcecode.swift; path = OfflineViewController.swift; sourceTree = "<group>"; };
		E3B97A2F21CC94DF00C4AC0F /* NetworkConnection.png */ = {isa = PBXFileReference; lastKnownFileType = image.png; path = NetworkConnection.png; sourceTree = "<group>"; };
		E3BA747B219A769700095B1B /* remove.png */ = {isa = PBXFileReference; lastKnownFileType = image.png; path = remove.png; sourceTree = "<group>"; };
		E3C20D3721D6B34600A162E0 /* checked.png */ = {isa = PBXFileReference; lastKnownFileType = image.png; name = checked.png; path = ../../../../../Downloads/checked.png; sourceTree = "<group>"; };
		E3C7E93C21D32D8C00FA2FA3 /* Flag_icon.png */ = {isa = PBXFileReference; lastKnownFileType = image.png; name = Flag_icon.png; path = ../../../../../Downloads/Flag_icon.png; sourceTree = "<group>"; };
		E3C88C0B21F46DE2007EB21A /* scoring.png */ = {isa = PBXFileReference; lastKnownFileType = image.png; name = scoring.png; path = ../../../Attributions/scoring.png; sourceTree = "<group>"; };
		E3C88C0D21F46F01007EB21A /* breakfast.png */ = {isa = PBXFileReference; lastKnownFileType = image.png; path = breakfast.png; sourceTree = "<group>"; };
		E3C88C0F21F4707F007EB21A /* users.png */ = {isa = PBXFileReference; lastKnownFileType = image.png; path = users.png; sourceTree = "<group>"; };
		E3C88C1121F47153007EB21A /* hot-air-balloon.png */ = {isa = PBXFileReference; lastKnownFileType = image.png; path = "hot-air-balloon.png"; sourceTree = "<group>"; };
		E3C88C1321F474AF007EB21A /* slot-machine.png */ = {isa = PBXFileReference; lastKnownFileType = image.png; path = "slot-machine.png"; sourceTree = "<group>"; };
		E3C88C1921F4795C007EB21A /* puzzle.png */ = {isa = PBXFileReference; lastKnownFileType = image.png; name = puzzle.png; path = ../../../Attributions/puzzle.png; sourceTree = "<group>"; };
		E3CBDEE021A05C8A002664B4 /* undo-arrow.png */ = {isa = PBXFileReference; lastKnownFileType = image.png; path = "undo-arrow.png"; sourceTree = "<group>"; };
		E3CF250A219D1C8000D5EA9F /* lock.png */ = {isa = PBXFileReference; lastKnownFileType = image.png; path = lock.png; sourceTree = "<group>"; };
		E3CF250C219D1D5E00D5EA9F /* email.png */ = {isa = PBXFileReference; lastKnownFileType = image.png; path = email.png; sourceTree = "<group>"; };
		E3D2740821BF5C41006663DC /* UIColorExtension.swift */ = {isa = PBXFileReference; lastKnownFileType = sourcecode.swift; path = UIColorExtension.swift; sourceTree = "<group>"; };
		E3DD8F2121A65D9200ED982B /* ToDoImageDisplayViewController.swift */ = {isa = PBXFileReference; lastKnownFileType = sourcecode.swift; path = ToDoImageDisplayViewController.swift; sourceTree = "<group>"; };
		E3E1BEF02179133700C62595 /* luckyStrikeViewController.swift */ = {isa = PBXFileReference; lastKnownFileType = sourcecode.swift; path = luckyStrikeViewController.swift; sourceTree = "<group>"; };
		E3E5BD52213295600019BFBC /* keyboard-right-arrow-button.png */ = {isa = PBXFileReference; lastKnownFileType = image.png; path = "keyboard-right-arrow-button.png"; sourceTree = SOURCE_ROOT; };
		E3EB34A121751483000DB77A /* ToDoListViewController.swift */ = {isa = PBXFileReference; lastKnownFileType = sourcecode.swift; path = ToDoListViewController.swift; sourceTree = "<group>"; };
		E3EF3A392188042000821C47 /* score-icon.png */ = {isa = PBXFileReference; lastKnownFileType = image.png; path = "score-icon.png"; sourceTree = "<group>"; };
		E3F72E50217E40FD00487C72 /* GoogleService-Info.plist */ = {isa = PBXFileReference; fileEncoding = 4; lastKnownFileType = text.plist.xml; path = "GoogleService-Info.plist"; sourceTree = "<group>"; };
		E3FFD48320F14EE1001C974D /* MainPageViewController.swift */ = {isa = PBXFileReference; lastKnownFileType = sourcecode.swift; path = MainPageViewController.swift; sourceTree = "<group>"; };
/* End PBXFileReference section */

/* Begin PBXFrameworksBuildPhase section */
		E3261AE020F098920056CE99 /* Frameworks */ = {
			isa = PBXFrameworksBuildPhase;
			buildActionMask = 2147483647;
			files = (
				469C627A0D02DD7767E4FDA1 /* Pods_gadabout.framework in Frameworks */,
			);
			runOnlyForDeploymentPostprocessing = 0;
		};
		E3261AF720F098940056CE99 /* Frameworks */ = {
			isa = PBXFrameworksBuildPhase;
			buildActionMask = 2147483647;
			files = (
			);
			runOnlyForDeploymentPostprocessing = 0;
		};
		E3261B0220F098940056CE99 /* Frameworks */ = {
			isa = PBXFrameworksBuildPhase;
			buildActionMask = 2147483647;
			files = (
			);
			runOnlyForDeploymentPostprocessing = 0;
		};
/* End PBXFrameworksBuildPhase section */

/* Begin PBXGroup section */
		3B0211511AAEC63E1AEB76C0 /* Frameworks */ = {
			isa = PBXGroup;
			children = (
				79F48E22C09028D3F9283040 /* Pods_gadabout.framework */,
			);
			name = Frameworks;
			sourceTree = "<group>";
		};
		6A7647230A6235EEC5147F1E /* Pods */ = {
			isa = PBXGroup;
			children = (
				37596C782F7F1EEECE83BA6C /* Pods-gadabout.debug.xcconfig */,
				304B1BEC845C003FCF6E1992 /* Pods-gadabout.release.xcconfig */,
			);
			name = Pods;
			sourceTree = "<group>";
		};
		E3261ADA20F098920056CE99 = {
			isa = PBXGroup;
			children = (
				E3261AE520F098920056CE99 /* gadabout */,
				E3261AFD20F098940056CE99 /* gadaboutTests */,
				E3261B0820F098940056CE99 /* gadaboutUITests */,
				E3261AE420F098920056CE99 /* Products */,
				6A7647230A6235EEC5147F1E /* Pods */,
				3B0211511AAEC63E1AEB76C0 /* Frameworks */,
			);
			sourceTree = "<group>";
		};
		E3261AE420F098920056CE99 /* Products */ = {
			isa = PBXGroup;
			children = (
				E3261AE320F098920056CE99 /* gadabout.app */,
				E3261AFA20F098940056CE99 /* gadaboutTests.xctest */,
				E3261B0520F098940056CE99 /* gadaboutUITests.xctest */,
			);
			name = Products;
			sourceTree = "<group>";
		};
		E3261AE520F098920056CE99 /* gadabout */ = {
			isa = PBXGroup;
			children = (
				E3261AE620F098920056CE99 /* AppDelegate.swift */,
				E3261AE820F098920056CE99 /* ViewController.swift */,
				E3261AEA20F098920056CE99 /* Main.storyboard */,
				E31A21BC21CF578300475EFD /* flagChallengeViewController.swift */,
				E3B97A2D21CC934D00C4AC0F /* OfflineViewController.swift */,
				E32D30862177B6B70016D7EC /* foodsTableViewCell.swift */,
				E32D30842177B6840016D7EC /* foodsTableViewController.swift */,
				E3EB34A121751483000DB77A /* ToDoListViewController.swift */,
				E3A38443215044A1003A0A8C /* puzzleMapViewController.swift */,
				E34AB2272186CACF0080A5C4 /* scorePopUpViewController.swift */,
				E3DD8F2121A65D9200ED982B /* ToDoImageDisplayViewController.swift */,
				E3687E8A2115CE8000CC60E9 /* PlacesTableViewCell.swift */,
				E342D9AD21049038009D5C67 /* PostViewController.swift */,
				E342D9AB2104853C009D5C67 /* PlacesTableViewController.swift */,
				E3D2740821BF5C41006663DC /* UIColorExtension.swift */,
				E39D488D212EB87100A32212 /* correct2.png */,
				E3FFD48320F14EE1001C974D /* MainPageViewController.swift */,
				E3E1BEF02179133700C62595 /* luckyStrikeViewController.swift */,
				E3E5BD52213295600019BFBC /* keyboard-right-arrow-button.png */,
				E3261AF020F098940056CE99 /* Assets.xcassets */,
				E338B57C21DBAB50007D2ACE /* gadabout_launch.png */,
				E313DF602118D4AD00BAE4C6 /* uncheck.png */,
				E3261AF220F098940056CE99 /* LaunchScreen.storyboard */,
				E3F72E50217E40FD00487C72 /* GoogleService-Info.plist */,
				E313DF5E2118D4A500BAE4C6 /* check.png */,
				E3261AF520F098940056CE99 /* Info.plist */,
				E3A3DDE421A91C110070FB85 /* images */,
				E3261AED20F098920056CE99 /* gadabout.xcdatamodeld */,
				E3B97A2B21CC8E9700C4AC0F /* NetworkManager.swift */,
				E32D30822177A5860016D7EC /* UIButtonExtension.swift */,
			);
			path = gadabout;
			sourceTree = "<group>";
		};
		E3261AFD20F098940056CE99 /* gadaboutTests */ = {
			isa = PBXGroup;
			children = (
				E3261AFE20F098940056CE99 /* gadaboutTests.swift */,
				E3261B0020F098940056CE99 /* Info.plist */,
			);
			path = gadaboutTests;
			sourceTree = "<group>";
		};
		E3261B0820F098940056CE99 /* gadaboutUITests */ = {
			isa = PBXGroup;
			children = (
				E3261B0920F098940056CE99 /* gadaboutUITests.swift */,
				E3261B0B20F098940056CE99 /* Info.plist */,
			);
			path = gadaboutUITests;
			sourceTree = "<group>";
		};
		E3A3DDE421A91C110070FB85 /* images */ = {
			isa = PBXGroup;
			children = (
				E3B97A2F21CC94DF00C4AC0F /* NetworkConnection.png */,
				E3BA747B219A769700095B1B /* remove.png */,
				E3C20D3721D6B34600A162E0 /* checked.png */,
				E36DA986212D71830031D337 /* wrong.gif */,
				E3CF250A219D1C8000D5EA9F /* lock.png */,
				E3A2588E21ECDEF0001323B3 /* rightArrow.png */,
				E3A3DDE921A93A7B0070FB85 /* balloon.png */,
				E3C88C1321F474AF007EB21A /* slot-machine.png */,
				E3C88C0F21F4707F007EB21A /* users.png */,
				E3C88C1921F4795C007EB21A /* puzzle.png */,
				E3C88C1121F47153007EB21A /* hot-air-balloon.png */,
				E3C88C0D21F46F01007EB21A /* breakfast.png */,
				E3B4752C21F480BA00952566 /* back-button.png */,
				E3C88C0B21F46DE2007EB21A /* scoring.png */,
				E3A3DDF121A940050070FB85 /* slot.png */,
				E3C7E93C21D32D8C00FA2FA3 /* Flag_icon.png */,
				E3A3DDED21A93BFD0070FB85 /* egg.png */,
				E3CBDEE021A05C8A002664B4 /* undo-arrow.png */,
				E3A3DDEB21A93B050070FB85 /* list.png */,
				E3EF3A392188042000821C47 /* score-icon.png */,
				E3CF250C219D1D5E00D5EA9F /* email.png */,
			);
			path = images;
			sourceTree = "<group>";
		};
/* End PBXGroup section */

/* Begin PBXNativeTarget section */
		E3261AE220F098920056CE99 /* gadabout */ = {
			isa = PBXNativeTarget;
			buildConfigurationList = E3261B0E20F098940056CE99 /* Build configuration list for PBXNativeTarget "gadabout" */;
			buildPhases = (
				ED3F6B49DE75272234DFD1EC /* [CP] Check Pods Manifest.lock */,
				E3261ADF20F098920056CE99 /* Sources */,
				E3261AE020F098920056CE99 /* Frameworks */,
				E3261AE120F098920056CE99 /* Resources */,
				F326F2BAFEE3436A2AAEB33B /* [CP] Embed Pods Frameworks */,
			);
			buildRules = (
			);
			dependencies = (
			);
			name = gadabout;
			productName = gadabout;
			productReference = E3261AE320F098920056CE99 /* gadabout.app */;
			productType = "com.apple.product-type.application";
		};
		E3261AF920F098940056CE99 /* gadaboutTests */ = {
			isa = PBXNativeTarget;
			buildConfigurationList = E3261B1120F098940056CE99 /* Build configuration list for PBXNativeTarget "gadaboutTests" */;
			buildPhases = (
				E3261AF620F098940056CE99 /* Sources */,
				E3261AF720F098940056CE99 /* Frameworks */,
				E3261AF820F098940056CE99 /* Resources */,
			);
			buildRules = (
			);
			dependencies = (
				E3261AFC20F098940056CE99 /* PBXTargetDependency */,
			);
			name = gadaboutTests;
			productName = gadaboutTests;
			productReference = E3261AFA20F098940056CE99 /* gadaboutTests.xctest */;
			productType = "com.apple.product-type.bundle.unit-test";
		};
		E3261B0420F098940056CE99 /* gadaboutUITests */ = {
			isa = PBXNativeTarget;
			buildConfigurationList = E3261B1420F098940056CE99 /* Build configuration list for PBXNativeTarget "gadaboutUITests" */;
			buildPhases = (
				E3261B0120F098940056CE99 /* Sources */,
				E3261B0220F098940056CE99 /* Frameworks */,
				E3261B0320F098940056CE99 /* Resources */,
			);
			buildRules = (
			);
			dependencies = (
				E3261B0720F098940056CE99 /* PBXTargetDependency */,
			);
			name = gadaboutUITests;
			productName = gadaboutUITests;
			productReference = E3261B0520F098940056CE99 /* gadaboutUITests.xctest */;
			productType = "com.apple.product-type.bundle.ui-testing";
		};
/* End PBXNativeTarget section */

/* Begin PBXProject section */
		E3261ADB20F098920056CE99 /* Project object */ = {
			isa = PBXProject;
			attributes = {
				LastSwiftUpdateCheck = 0930;
				LastUpgradeCheck = 0930;
				ORGANIZATIONNAME = Ahmet;
				TargetAttributes = {
					E3261AE220F098920056CE99 = {
						CreatedOnToolsVersion = 9.3.1;
					};
					E3261AF920F098940056CE99 = {
						CreatedOnToolsVersion = 9.3.1;
						TestTargetID = E3261AE220F098920056CE99;
					};
					E3261B0420F098940056CE99 = {
						CreatedOnToolsVersion = 9.3.1;
						TestTargetID = E3261AE220F098920056CE99;
					};
				};
			};
			buildConfigurationList = E3261ADE20F098920056CE99 /* Build configuration list for PBXProject "gadabout" */;
			compatibilityVersion = "Xcode 9.3";
			developmentRegion = en;
			hasScannedForEncodings = 0;
			knownRegions = (
				en,
				Base,
			);
			mainGroup = E3261ADA20F098920056CE99;
			productRefGroup = E3261AE420F098920056CE99 /* Products */;
			projectDirPath = "";
			projectRoot = "";
			targets = (
				E3261AE220F098920056CE99 /* gadabout */,
				E3261AF920F098940056CE99 /* gadaboutTests */,
				E3261B0420F098940056CE99 /* gadaboutUITests */,
			);
		};
/* End PBXProject section */

/* Begin PBXResourcesBuildPhase section */
		E3261AE120F098920056CE99 /* Resources */ = {
			isa = PBXResourcesBuildPhase;
			buildActionMask = 2147483647;
			files = (
				E3C20D3821D6B34600A162E0 /* checked.png in Resources */,
				E3F72E51217E40FE00487C72 /* GoogleService-Info.plist in Resources */,
				E3A3DDF221A940050070FB85 /* slot.png in Resources */,
				E3261AF420F098940056CE99 /* LaunchScreen.storyboard in Resources */,
				E3CF250D219D1D5E00D5EA9F /* email.png in Resources */,
				E313DF5F2118D4A500BAE4C6 /* check.png in Resources */,
				E338B57D21DBAB50007D2ACE /* gadabout_launch.png in Resources */,
				E3E5BD53213295610019BFBC /* keyboard-right-arrow-button.png in Resources */,
				E3BA747C219A769800095B1B /* remove.png in Resources */,
				E3CBDEE121A05C8B002664B4 /* undo-arrow.png in Resources */,
				E36DA987212D71830031D337 /* wrong.gif in Resources */,
				E3C7E93D21D32D8C00FA2FA3 /* Flag_icon.png in Resources */,
				E3CF250B219D1C8100D5EA9F /* lock.png in Resources */,
				E3EF3A3A2188042100821C47 /* score-icon.png in Resources */,
				E3A3DDEE21A93BFD0070FB85 /* egg.png in Resources */,
				E3261AF120F098940056CE99 /* Assets.xcassets in Resources */,
				E3C88C1A21F4795D007EB21A /* puzzle.png in Resources */,
				E3A2588F21ECDEF0001323B3 /* rightArrow.png in Resources */,
				E3261AEC20F098920056CE99 /* Main.storyboard in Resources */,
				E3C88C0C21F46DE2007EB21A /* scoring.png in Resources */,
				E3B97A3021CC94E100C4AC0F /* NetworkConnection.png in Resources */,
				E3B4752D21F480BA00952566 /* back-button.png in Resources */,
				E3C88C1421F474AF007EB21A /* slot-machine.png in Resources */,
				E3A3DDEA21A93A7B0070FB85 /* balloon.png in Resources */,
				E313DF612118D4AD00BAE4C6 /* uncheck.png in Resources */,
				E39D488E212EB87100A32212 /* correct2.png in Resources */,
				E3A3DDEC21A93B050070FB85 /* list.png in Resources */,
				E3C88C1221F47153007EB21A /* hot-air-balloon.png in Resources */,
				E3C88C1021F4707F007EB21A /* users.png in Resources */,
				E3C88C0E21F46F02007EB21A /* breakfast.png in Resources */,
			);
			runOnlyForDeploymentPostprocessing = 0;
		};
		E3261AF820F098940056CE99 /* Resources */ = {
			isa = PBXResourcesBuildPhase;
			buildActionMask = 2147483647;
			files = (
			);
			runOnlyForDeploymentPostprocessing = 0;
		};
		E3261B0320F098940056CE99 /* Resources */ = {
			isa = PBXResourcesBuildPhase;
			buildActionMask = 2147483647;
			files = (
			);
			runOnlyForDeploymentPostprocessing = 0;
		};
/* End PBXResourcesBuildPhase section */

/* Begin PBXShellScriptBuildPhase section */
		ED3F6B49DE75272234DFD1EC /* [CP] Check Pods Manifest.lock */ = {
			isa = PBXShellScriptBuildPhase;
			buildActionMask = 2147483647;
			files = (
			);
			inputPaths = (
				"${PODS_PODFILE_DIR_PATH}/Podfile.lock",
				"${PODS_ROOT}/Manifest.lock",
			);
			name = "[CP] Check Pods Manifest.lock";
			outputPaths = (
				"$(DERIVED_FILE_DIR)/Pods-gadabout-checkManifestLockResult.txt",
			);
			runOnlyForDeploymentPostprocessing = 0;
			shellPath = /bin/sh;
			shellScript = "diff \"${PODS_PODFILE_DIR_PATH}/Podfile.lock\" \"${PODS_ROOT}/Manifest.lock\" > /dev/null\nif [ $? != 0 ] ; then\n    # print error to STDERR\n    echo \"error: The sandbox is not in sync with the Podfile.lock. Run 'pod install' or update your CocoaPods installation.\" >&2\n    exit 1\nfi\n# This output is used by Xcode 'outputs' to avoid re-running this script phase.\necho \"SUCCESS\" > \"${SCRIPT_OUTPUT_FILE_0}\"\n";
			showEnvVarsInLog = 0;
		};
		F326F2BAFEE3436A2AAEB33B /* [CP] Embed Pods Frameworks */ = {
			isa = PBXShellScriptBuildPhase;
			buildActionMask = 2147483647;
			files = (
			);
			inputPaths = (
				"${SRCROOT}/Pods/Target Support Files/Pods-gadabout/Pods-gadabout-frameworks.sh",
				"${BUILT_PRODUCTS_DIR}/Alamofire/Alamofire.framework",
				"${BUILT_PRODUCTS_DIR}/Bolts/Bolts.framework",
				"${BUILT_PRODUCTS_DIR}/GoogleUtilities/GoogleUtilities.framework",
				"${BUILT_PRODUCTS_DIR}/Parse/Parse.framework",
				"${BUILT_PRODUCTS_DIR}/ReachabilitySwift/Reachability.framework",
				"${BUILT_PRODUCTS_DIR}/nanopb/nanopb.framework",
			);
			name = "[CP] Embed Pods Frameworks";
			outputPaths = (
				"${TARGET_BUILD_DIR}/${FRAMEWORKS_FOLDER_PATH}/Alamofire.framework",
				"${TARGET_BUILD_DIR}/${FRAMEWORKS_FOLDER_PATH}/Bolts.framework",
				"${TARGET_BUILD_DIR}/${FRAMEWORKS_FOLDER_PATH}/GoogleUtilities.framework",
				"${TARGET_BUILD_DIR}/${FRAMEWORKS_FOLDER_PATH}/Parse.framework",
				"${TARGET_BUILD_DIR}/${FRAMEWORKS_FOLDER_PATH}/Reachability.framework",
				"${TARGET_BUILD_DIR}/${FRAMEWORKS_FOLDER_PATH}/nanopb.framework",
			);
			runOnlyForDeploymentPostprocessing = 0;
			shellPath = /bin/sh;
			shellScript = "\"${SRCROOT}/Pods/Target Support Files/Pods-gadabout/Pods-gadabout-frameworks.sh\"\n";
			showEnvVarsInLog = 0;
		};
/* End PBXShellScriptBuildPhase section */

/* Begin PBXSourcesBuildPhase section */
		E3261ADF20F098920056CE99 /* Sources */ = {
			isa = PBXSourcesBuildPhase;
			buildActionMask = 2147483647;
			files = (
				E34AB2282186CACF0080A5C4 /* scorePopUpViewController.swift in Sources */,
				E342D9AE21049038009D5C67 /* PostViewController.swift in Sources */,
				E32D30832177A5860016D7EC /* UIButtonExtension.swift in Sources */,
				E32D30852177B6840016D7EC /* foodsTableViewController.swift in Sources */,
				E3DD8F2221A65D9200ED982B /* ToDoImageDisplayViewController.swift in Sources */,
				E3D2740921BF5C41006663DC /* UIColorExtension.swift in Sources */,
				E3E1BEF12179133700C62595 /* luckyStrikeViewController.swift in Sources */,
				E3FFD48420F14EE1001C974D /* MainPageViewController.swift in Sources */,
				E3687E8B2115CE8000CC60E9 /* PlacesTableViewCell.swift in Sources */,
				E3261AE920F098920056CE99 /* ViewController.swift in Sources */,
				E31A21BD21CF578300475EFD /* flagChallengeViewController.swift in Sources */,
				E3B97A2C21CC8E9700C4AC0F /* NetworkManager.swift in Sources */,
				E3261AEF20F098920056CE99 /* gadabout.xcdatamodeld in Sources */,
				E3B97A2E21CC934D00C4AC0F /* OfflineViewController.swift in Sources */,
				E3261AE720F098920056CE99 /* AppDelegate.swift in Sources */,
				E342D9AC2104853C009D5C67 /* PlacesTableViewController.swift in Sources */,
				E32D30872177B6B70016D7EC /* foodsTableViewCell.swift in Sources */,
				E3EB34A221751483000DB77A /* ToDoListViewController.swift in Sources */,
				E3A38444215044A1003A0A8C /* puzzleMapViewController.swift in Sources */,
			);
			runOnlyForDeploymentPostprocessing = 0;
		};
		E3261AF620F098940056CE99 /* Sources */ = {
			isa = PBXSourcesBuildPhase;
			buildActionMask = 2147483647;
			files = (
				E3261AFF20F098940056CE99 /* gadaboutTests.swift in Sources */,
			);
			runOnlyForDeploymentPostprocessing = 0;
		};
		E3261B0120F098940056CE99 /* Sources */ = {
			isa = PBXSourcesBuildPhase;
			buildActionMask = 2147483647;
			files = (
				E3261B0A20F098940056CE99 /* gadaboutUITests.swift in Sources */,
			);
			runOnlyForDeploymentPostprocessing = 0;
		};
/* End PBXSourcesBuildPhase section */

/* Begin PBXTargetDependency section */
		E3261AFC20F098940056CE99 /* PBXTargetDependency */ = {
			isa = PBXTargetDependency;
			target = E3261AE220F098920056CE99 /* gadabout */;
			targetProxy = E3261AFB20F098940056CE99 /* PBXContainerItemProxy */;
		};
		E3261B0720F098940056CE99 /* PBXTargetDependency */ = {
			isa = PBXTargetDependency;
			target = E3261AE220F098920056CE99 /* gadabout */;
			targetProxy = E3261B0620F098940056CE99 /* PBXContainerItemProxy */;
		};
/* End PBXTargetDependency section */

/* Begin PBXVariantGroup section */
		E3261AEA20F098920056CE99 /* Main.storyboard */ = {
			isa = PBXVariantGroup;
			children = (
				E3261AEB20F098920056CE99 /* Base */,
			);
			name = Main.storyboard;
			sourceTree = "<group>";
		};
		E3261AF220F098940056CE99 /* LaunchScreen.storyboard */ = {
			isa = PBXVariantGroup;
			children = (
				E3261AF320F098940056CE99 /* Base */,
			);
			name = LaunchScreen.storyboard;
			sourceTree = "<group>";
		};
/* End PBXVariantGroup section */

/* Begin XCBuildConfiguration section */
		E3261B0C20F098940056CE99 /* Debug */ = {
			isa = XCBuildConfiguration;
			buildSettings = {
				ALWAYS_SEARCH_USER_PATHS = NO;
				CLANG_ANALYZER_NONNULL = YES;
				CLANG_ANALYZER_NUMBER_OBJECT_CONVERSION = YES_AGGRESSIVE;
				CLANG_CXX_LANGUAGE_STANDARD = "gnu++14";
				CLANG_CXX_LIBRARY = "libc++";
				CLANG_ENABLE_MODULES = YES;
				CLANG_ENABLE_OBJC_ARC = YES;
				CLANG_ENABLE_OBJC_WEAK = YES;
				CLANG_WARN_BLOCK_CAPTURE_AUTORELEASING = YES;
				CLANG_WARN_BOOL_CONVERSION = YES;
				CLANG_WARN_COMMA = YES;
				CLANG_WARN_CONSTANT_CONVERSION = YES;
				CLANG_WARN_DEPRECATED_OBJC_IMPLEMENTATIONS = YES;
				CLANG_WARN_DIRECT_OBJC_ISA_USAGE = YES_ERROR;
				CLANG_WARN_DOCUMENTATION_COMMENTS = YES;
				CLANG_WARN_EMPTY_BODY = YES;
				CLANG_WARN_ENUM_CONVERSION = YES;
				CLANG_WARN_INFINITE_RECURSION = YES;
				CLANG_WARN_INT_CONVERSION = YES;
				CLANG_WARN_NON_LITERAL_NULL_CONVERSION = YES;
				CLANG_WARN_OBJC_IMPLICIT_RETAIN_SELF = YES;
				CLANG_WARN_OBJC_LITERAL_CONVERSION = YES;
				CLANG_WARN_OBJC_ROOT_CLASS = YES_ERROR;
				CLANG_WARN_RANGE_LOOP_ANALYSIS = YES;
				CLANG_WARN_STRICT_PROTOTYPES = YES;
				CLANG_WARN_SUSPICIOUS_MOVE = YES;
				CLANG_WARN_UNGUARDED_AVAILABILITY = YES_AGGRESSIVE;
				CLANG_WARN_UNREACHABLE_CODE = YES;
				CLANG_WARN__DUPLICATE_METHOD_MATCH = YES;
				CODE_SIGN_IDENTITY = "iPhone Developer";
				COPY_PHASE_STRIP = NO;
				DEBUG_INFORMATION_FORMAT = dwarf;
				ENABLE_STRICT_OBJC_MSGSEND = YES;
				ENABLE_TESTABILITY = YES;
				GCC_C_LANGUAGE_STANDARD = gnu11;
				GCC_DYNAMIC_NO_PIC = NO;
				GCC_NO_COMMON_BLOCKS = YES;
				GCC_OPTIMIZATION_LEVEL = 0;
				GCC_PREPROCESSOR_DEFINITIONS = (
					"DEBUG=1",
					"$(inherited)",
				);
				GCC_WARN_64_TO_32_BIT_CONVERSION = YES;
				GCC_WARN_ABOUT_RETURN_TYPE = YES_ERROR;
				GCC_WARN_UNDECLARED_SELECTOR = YES;
				GCC_WARN_UNINITIALIZED_AUTOS = YES_AGGRESSIVE;
				GCC_WARN_UNUSED_FUNCTION = YES;
				GCC_WARN_UNUSED_VARIABLE = YES;
				IPHONEOS_DEPLOYMENT_TARGET = 11.3;
				MTL_ENABLE_DEBUG_INFO = YES;
				ONLY_ACTIVE_ARCH = YES;
				SDKROOT = iphoneos;
				SWIFT_ACTIVE_COMPILATION_CONDITIONS = DEBUG;
				SWIFT_OPTIMIZATION_LEVEL = "-Onone";
			};
			name = Debug;
		};
		E3261B0D20F098940056CE99 /* Release */ = {
			isa = XCBuildConfiguration;
			buildSettings = {
				ALWAYS_SEARCH_USER_PATHS = NO;
				CLANG_ANALYZER_NONNULL = YES;
				CLANG_ANALYZER_NUMBER_OBJECT_CONVERSION = YES_AGGRESSIVE;
				CLANG_CXX_LANGUAGE_STANDARD = "gnu++14";
				CLANG_CXX_LIBRARY = "libc++";
				CLANG_ENABLE_MODULES = YES;
				CLANG_ENABLE_OBJC_ARC = YES;
				CLANG_ENABLE_OBJC_WEAK = YES;
				CLANG_WARN_BLOCK_CAPTURE_AUTORELEASING = YES;
				CLANG_WARN_BOOL_CONVERSION = YES;
				CLANG_WARN_COMMA = YES;
				CLANG_WARN_CONSTANT_CONVERSION = YES;
				CLANG_WARN_DEPRECATED_OBJC_IMPLEMENTATIONS = YES;
				CLANG_WARN_DIRECT_OBJC_ISA_USAGE = YES_ERROR;
				CLANG_WARN_DOCUMENTATION_COMMENTS = YES;
				CLANG_WARN_EMPTY_BODY = YES;
				CLANG_WARN_ENUM_CONVERSION = YES;
				CLANG_WARN_INFINITE_RECURSION = YES;
				CLANG_WARN_INT_CONVERSION = YES;
				CLANG_WARN_NON_LITERAL_NULL_CONVERSION = YES;
				CLANG_WARN_OBJC_IMPLICIT_RETAIN_SELF = YES;
				CLANG_WARN_OBJC_LITERAL_CONVERSION = YES;
				CLANG_WARN_OBJC_ROOT_CLASS = YES_ERROR;
				CLANG_WARN_RANGE_LOOP_ANALYSIS = YES;
				CLANG_WARN_STRICT_PROTOTYPES = YES;
				CLANG_WARN_SUSPICIOUS_MOVE = YES;
				CLANG_WARN_UNGUARDED_AVAILABILITY = YES_AGGRESSIVE;
				CLANG_WARN_UNREACHABLE_CODE = YES;
				CLANG_WARN__DUPLICATE_METHOD_MATCH = YES;
				CODE_SIGN_IDENTITY = "iPhone Developer";
				COPY_PHASE_STRIP = NO;
				DEBUG_INFORMATION_FORMAT = "dwarf-with-dsym";
				ENABLE_NS_ASSERTIONS = NO;
				ENABLE_STRICT_OBJC_MSGSEND = YES;
				GCC_C_LANGUAGE_STANDARD = gnu11;
				GCC_NO_COMMON_BLOCKS = YES;
				GCC_WARN_64_TO_32_BIT_CONVERSION = YES;
				GCC_WARN_ABOUT_RETURN_TYPE = YES_ERROR;
				GCC_WARN_UNDECLARED_SELECTOR = YES;
				GCC_WARN_UNINITIALIZED_AUTOS = YES_AGGRESSIVE;
				GCC_WARN_UNUSED_FUNCTION = YES;
				GCC_WARN_UNUSED_VARIABLE = YES;
				IPHONEOS_DEPLOYMENT_TARGET = 11.3;
				MTL_ENABLE_DEBUG_INFO = NO;
				SDKROOT = iphoneos;
				SWIFT_COMPILATION_MODE = wholemodule;
				SWIFT_OPTIMIZATION_LEVEL = "-O";
				VALIDATE_PRODUCT = YES;
			};
			name = Release;
		};
		E3261B0F20F098940056CE99 /* Debug */ = {
			isa = XCBuildConfiguration;
			baseConfigurationReference = 37596C782F7F1EEECE83BA6C /* Pods-gadabout.debug.xcconfig */;
			buildSettings = {
				ASSETCATALOG_COMPILER_APPICON_NAME = AppIcon;
				CODE_SIGN_STYLE = Automatic;
				DEVELOPMENT_TEAM = QA447S3L4P;
				INFOPLIST_FILE = gadabout/Info.plist;
				LD_RUNPATH_SEARCH_PATHS = (
					"$(inherited)",
					"@executable_path/Frameworks",
				);
				PRODUCT_BUNDLE_IDENTIFIER = "ersoz-co..gadabout";
				PRODUCT_NAME = "$(TARGET_NAME)";
				SWIFT_VERSION = 4.0;
				TARGETED_DEVICE_FAMILY = "1,2";
			};
			name = Debug;
		};
		E3261B1020F098940056CE99 /* Release */ = {
			isa = XCBuildConfiguration;
			baseConfigurationReference = 304B1BEC845C003FCF6E1992 /* Pods-gadabout.release.xcconfig */;
			buildSettings = {
				ASSETCATALOG_COMPILER_APPICON_NAME = AppIcon;
				CODE_SIGN_STYLE = Automatic;
				DEVELOPMENT_TEAM = QA447S3L4P;
				INFOPLIST_FILE = gadabout/Info.plist;
				LD_RUNPATH_SEARCH_PATHS = (
					"$(inherited)",
					"@executable_path/Frameworks",
				);
				PRODUCT_BUNDLE_IDENTIFIER = "ersoz-co..gadabout";
				PRODUCT_NAME = "$(TARGET_NAME)";
				SWIFT_VERSION = 4.0;
				TARGETED_DEVICE_FAMILY = "1,2";
			};
			name = Release;
		};
		E3261B1220F098940056CE99 /* Debug */ = {
			isa = XCBuildConfiguration;
			buildSettings = {
				ALWAYS_EMBED_SWIFT_STANDARD_LIBRARIES = YES;
				BUNDLE_LOADER = "$(TEST_HOST)";
				CODE_SIGN_STYLE = Automatic;
				INFOPLIST_FILE = gadaboutTests/Info.plist;
				LD_RUNPATH_SEARCH_PATHS = (
					"$(inherited)",
					"@executable_path/Frameworks",
					"@loader_path/Frameworks",
				);
				PRODUCT_BUNDLE_IDENTIFIER = "ersoz-co..gadaboutTests";
				PRODUCT_NAME = "$(TARGET_NAME)";
				SWIFT_VERSION = 4.0;
				TARGETED_DEVICE_FAMILY = "1,2";
				TEST_HOST = "$(BUILT_PRODUCTS_DIR)/gadabout.app/gadabout";
			};
			name = Debug;
		};
		E3261B1320F098940056CE99 /* Release */ = {
			isa = XCBuildConfiguration;
			buildSettings = {
				ALWAYS_EMBED_SWIFT_STANDARD_LIBRARIES = YES;
				BUNDLE_LOADER = "$(TEST_HOST)";
				CODE_SIGN_STYLE = Automatic;
				INFOPLIST_FILE = gadaboutTests/Info.plist;
				LD_RUNPATH_SEARCH_PATHS = (
					"$(inherited)",
					"@executable_path/Frameworks",
					"@loader_path/Frameworks",
				);
				PRODUCT_BUNDLE_IDENTIFIER = "ersoz-co..gadaboutTests";
				PRODUCT_NAME = "$(TARGET_NAME)";
				SWIFT_VERSION = 4.0;
				TARGETED_DEVICE_FAMILY = "1,2";
				TEST_HOST = "$(BUILT_PRODUCTS_DIR)/gadabout.app/gadabout";
			};
			name = Release;
		};
		E3261B1520F098940056CE99 /* Debug */ = {
			isa = XCBuildConfiguration;
			buildSettings = {
				ALWAYS_EMBED_SWIFT_STANDARD_LIBRARIES = YES;
				CODE_SIGN_STYLE = Automatic;
				INFOPLIST_FILE = gadaboutUITests/Info.plist;
				LD_RUNPATH_SEARCH_PATHS = (
					"$(inherited)",
					"@executable_path/Frameworks",
					"@loader_path/Frameworks",
				);
				PRODUCT_BUNDLE_IDENTIFIER = "ersoz-co..gadaboutUITests";
				PRODUCT_NAME = "$(TARGET_NAME)";
				SWIFT_VERSION = 4.0;
				TARGETED_DEVICE_FAMILY = "1,2";
				TEST_TARGET_NAME = gadabout;
			};
			name = Debug;
		};
		E3261B1620F098940056CE99 /* Release */ = {
			isa = XCBuildConfiguration;
			buildSettings = {
				ALWAYS_EMBED_SWIFT_STANDARD_LIBRARIES = YES;
				CODE_SIGN_STYLE = Automatic;
				INFOPLIST_FILE = gadaboutUITests/Info.plist;
				LD_RUNPATH_SEARCH_PATHS = (
					"$(inherited)",
					"@executable_path/Frameworks",
					"@loader_path/Frameworks",
				);
				PRODUCT_BUNDLE_IDENTIFIER = "ersoz-co..gadaboutUITests";
				PRODUCT_NAME = "$(TARGET_NAME)";
				SWIFT_VERSION = 4.0;
				TARGETED_DEVICE_FAMILY = "1,2";
				TEST_TARGET_NAME = gadabout;
			};
			name = Release;
		};
/* End XCBuildConfiguration section */

/* Begin XCConfigurationList section */
		E3261ADE20F098920056CE99 /* Build configuration list for PBXProject "gadabout" */ = {
			isa = XCConfigurationList;
			buildConfigurations = (
				E3261B0C20F098940056CE99 /* Debug */,
				E3261B0D20F098940056CE99 /* Release */,
			);
			defaultConfigurationIsVisible = 0;
			defaultConfigurationName = Release;
		};
		E3261B0E20F098940056CE99 /* Build configuration list for PBXNativeTarget "gadabout" */ = {
			isa = XCConfigurationList;
			buildConfigurations = (
				E3261B0F20F098940056CE99 /* Debug */,
				E3261B1020F098940056CE99 /* Release */,
			);
			defaultConfigurationIsVisible = 0;
			defaultConfigurationName = Release;
		};
		E3261B1120F098940056CE99 /* Build configuration list for PBXNativeTarget "gadaboutTests" */ = {
			isa = XCConfigurationList;
			buildConfigurations = (
				E3261B1220F098940056CE99 /* Debug */,
				E3261B1320F098940056CE99 /* Release */,
			);
			defaultConfigurationIsVisible = 0;
			defaultConfigurationName = Release;
		};
		E3261B1420F098940056CE99 /* Build configuration list for PBXNativeTarget "gadaboutUITests" */ = {
			isa = XCConfigurationList;
			buildConfigurations = (
				E3261B1520F098940056CE99 /* Debug */,
				E3261B1620F098940056CE99 /* Release */,
			);
			defaultConfigurationIsVisible = 0;
			defaultConfigurationName = Release;
		};
/* End XCConfigurationList section */

/* Begin XCVersionGroup section */
		E3261AED20F098920056CE99 /* gadabout.xcdatamodeld */ = {
			isa = XCVersionGroup;
			children = (
				E3261AEE20F098920056CE99 /* gadabout.xcdatamodel */,
			);
			currentVersion = E3261AEE20F098920056CE99 /* gadabout.xcdatamodel */;
			path = gadabout.xcdatamodeld;
			sourceTree = "<group>";
			versionGroupType = wrapper.xcdatamodel;
		};
/* End XCVersionGroup section */
	};
	rootObject = E3261ADB20F098920056CE99 /* Project object */;
}
